
Microsoft Visual Studio Solution File, Format Version 12.00
# Visual Studio Version 17
VisualStudioVersion = 17.5.33502.453
MinimumVisualStudioVersion = 10.0.40219.1
Project("{FAE04EC0-301F-11D3-BF4B-00C04F79EFBC}") = "Lib", "Lib\Lib.csproj", "{43CE397E-92EF-472F-8C1F-D8D141CEF400}"
EndProject
Global
	GlobalSection(SolutionConfigurationPlatforms) = preSolution
		Debug|Any CPU = Debug|Any CPU
		Release|Any CPU = Release|Any CPU
	EndGlobalSection
	GlobalSection(ProjectConfigurationPlatforms) = postSolution
		{43CE397E-92EF-472F-8C1F-D8D141CEF400}.Debug|Any CPU.ActiveCfg = Debug|Any CPU
		{43CE397E-92EF-472F-8C1F-D8D141CEF400}.Debug|Any CPU.Build.0 = Debug|Any CPU
		{43CE397E-92EF-472F-8C1F-D8D141CEF400}.Release|Any CPU.ActiveCfg = Release|Any CPU
		{43CE397E-92EF-472F-8C1F-D8D141CEF400}.Release|Any CPU.Build.0 = Release|Any CPU
	EndGlobalSection
	GlobalSection(SolutionProperties) = preSolution
		HideSolutionNode = FALSE
	EndGlobalSection
	GlobalSection(ExtensibilityGlobals) = postSolution
		SolutionGuid = {3688A43A-002D-438F-9551-C52514342CB7}
	EndGlobalSection
EndGlobal
